github.com/klauspost/compress v1.17.7 h1:ehO88t2UGzQK66LMdE8tibEd1ErmzZjNEqWkjLAKQQg=
github.com/klauspost/compress v1.17.7/go.mod h1:Di0epgTjJY877eYKx5yC51cX2A2Vl2ibi7bDH9ttBbw=
github.com/patrickbr/gtfsparser v0.0.0-20241229200251-82ac2dbeb5c3 h1:PcEcAb2UZOOCx4pVHPx4aWNhPGUfKCUThULdeT2yAI8=
github.com/patrickbr/gtfsparser v0.0.0-20241229200251-82ac2dbeb5c3/go.mod h1:WsjXLsxSQc+KfBJ7APQhk3yz+4DztzMYARQ+EfxKYSQ=
github.com/patrickbr/gtfswriter v0.0.0-20240919073412-98e3602c6cd8 h1:xEQhft28izewbL3fnF10Yj8zSNu2r+lW157GQq+eaaY=
github.com/patrickbr/gtfswriter v0.0.0-20240919073412-98e3602c6cd8/go.mod h1:zYAfZRXtDhc4Tq+LYrvyksefggNiViL2pKMRUrGvUbE=
github.com/paulmach/go.geojson v1.5.0 h1:7mhpMK89SQdHFcEGomT7/LuJhwhEgfmpWYVlVmLEdQw=
github.com/paulmach/go.geojson v1.5.0/go.mod h1:DgdUy2rRVDDVgKqrjMe2vZAHMfhDTrjVKt3LmHIXGbU=
github.com/spf13/pflag v1.0.5 h1:iy+VFUOCP1a+8yFto/drg2CJ5u0yRoB7fZw3DKv/JXA=
github.com/spf13/pflag v1.0.5/go.mod h1:McXfInJRrz4CZXVZOBLb0bTZqETkiAhM9Iw0y3An2Bg=
github.com/valyala/fastjson v1.6.4 h1:uAUNq9Z6ymTgGhcm0UynUAB6tlbakBrz6CQFax3BXVQ=
github.com/valyala/fastjson v1.6.4/go.mod h1:CLCAqky6SMuOcxStkYQvblddUtoRxhYMGLrsQns1aXY=
golang.org/x/exp v0.0.0-20240314144324-c7f7c6466f7f h1:3CW0unweImhOzd5FmYuRsD4Y4oQFKZIjAnKbjV4WIrw=
golang.org/x/exp v0.0.0-20240314144324-c7f7c6466f7f/go.mod h1:CxmFvTBINI24O/j8iY7H1xHzx2i4OsyguNBmN/uPtqc=
